// !$*UTF8*$!
{
	archiveVersion = 1;
	classes = {
	};
	objectVersion = 77;
	objects = {

/* Begin PBXBuildFile section */
		03291E3F9B5D5A3BE7432648 /* ChatStream.swift in Sources */ = {isa = PBXBuildFile; fileRef = 08AB2A8803A336C3FA30A84F /* ChatStream.swift */; };
		06493E35C062F2503726B8CA /* Assets.xcassets in Resources */ = {isa = PBXBuildFile; fileRef = 56F788C5D56602321AF0A1B5 /* Assets.xcassets */; };
		15B2D883BA5369C436005D7F /* MarkdownView.swift in Sources */ = {isa = PBXBuildFile; fileRef = A128077426B2D9E1B4E117A9 /* MarkdownView.swift */; };
		4308973613E8EC7F3F398479 /* HistoryView.swift in Sources */ = {isa = PBXBuildFile; fileRef = F4D87BB38F7D489727548FE6 /* HistoryView.swift */; };
		4F4E696848163AF9BE425E9E /* Speaker.swift in Sources */ = {isa = PBXBuildFile; fileRef = BDA73B45302D3FA3438BCC70 /* Speaker.swift */; };
		9042FD5D2AC1FD5622719E30 /* ChatModel.swift in Sources */ = {isa = PBXBuildFile; fileRef = 20100CF426813304A754C210 /* ChatModel.swift */; };
		9E3038C927ADB92CB257A6BB /* VoiceInput.swift in Sources */ = {isa = PBXBuildFile; fileRef = EFD6093C75106F38F5413353 /* VoiceInput.swift */; };
		A876476E1D0BA8C5B785EF07 /* ChatView.swift in Sources */ = {isa = PBXBuildFile; fileRef = 87DFBD2A3F6E1650F4B082CA /* ChatView.swift */; };
		B8EB06E4BBC7C9E1B16086D4 /* Store.swift in Sources */ = {isa = PBXBuildFile; fileRef = E89FF64559DACD2F74ABF00A /* Store.swift */; };
		BB1B35D800BD09E70930DD78 /* App.swift in Sources */ = {isa = PBXBuildFile; fileRef = E05F4E191BCF0B401C2B9F16 /* App.swift */; };
		D1DB469BE53E5D1B157A4CD5 /* CameraPicker.swift in Sources */ = {isa = PBXBuildFile; fileRef = 5279A1F082517B420D02B123 /* CameraPicker.swift */; };
		D7176996C6FAA32AF435D03B /* Backend.swift in Sources */ = {isa = PBXBuildFile; fileRef = 9FFF15F3AE3DAC2D065781C7 /* Backend.swift */; };
		F5FFF323B84C4AB945264BF2 /* Gate.swift in Sources */ = {isa = PBXBuildFile; fileRef = 0D76FDDE7B542FADB26C350F /* Gate.swift */; };
/* End PBXBuildFile section */

/* Begin PBXFileReference section */
		08AB2A8803A336C3FA30A84F /* ChatStream.swift */ = {isa = PBXFileReference; lastKnownFileType = sourcecode.swift; path = ChatStream.swift; sourceTree = "<group>"; };
		0D76FDDE7B542FADB26C350F /* Gate.swift */ = {isa = PBXFileReference; lastKnownFileType = sourcecode.swift; path = Gate.swift; sourceTree = "<group>"; };
		20100CF426813304A754C210 /* ChatModel.swift */ = {isa = PBXFileReference; lastKnownFileType = sourcecode.swift; path = ChatModel.swift; sourceTree = "<group>"; };
		5279A1F082517B420D02B123 /* CameraPicker.swift */ = {isa = PBXFileReference; lastKnownFileType = sourcecode.swift; path = CameraPicker.swift; sourceTree = "<group>"; };
		56F788C5D56602321AF0A1B5 /* Assets.xcassets */ = {isa = PBXFileReference; lastKnownFileType = folder.assetcatalog; path = Assets.xcassets; sourceTree = "<group>"; };
		87DFBD2A3F6E1650F4B082CA /* ChatView.swift */ = {isa = PBXFileReference; lastKnownFileType = sourcecode.swift; path = ChatView.swift; sourceTree = "<group>"; };
		9FFF15F3AE3DAC2D065781C7 /* Backend.swift */ = {isa = PBXFileReference; lastKnownFileType = sourcecode.swift; path = Backend.swift; sourceTree = "<group>"; };
		A128077426B2D9E1B4E117A9 /* MarkdownView.swift */ = {isa = PBXFileReference; lastKnownFileType = sourcecode.swift; path = MarkdownView.swift; sourceTree = "<group>"; };
		BDA73B45302D3FA3438BCC70 /* Speaker.swift */ = {isa = PBXFileReference; lastKnownFileType = sourcecode.swift; path = Speaker.swift; sourceTree = "<group>"; };
		C6A03AA5F9A89FB622DB7A3E /* HydroDeck.app */ = {isa = PBXFileReference; includeInIndex = 0; lastKnownFileType = wrapper.application; path = HydroDeck.app; sourceTree = BUILT_PRODUCTS_DIR; };
		E05F4E191BCF0B401C2B9F16 /* App.swift */ = {isa = PBXFileReference; lastKnownFileType = sourcecode.swift; path = App.swift; sourceTree = "<group>"; };
		E89FF64559DACD2F74ABF00A /* Store.swift */ = {isa = PBXFileReference; lastKnownFileType = sourcecode.swift; path = Store.swift; sourceTree = "<group>"; };
		EFD6093C75106F38F5413353 /* VoiceInput.swift */ = {isa = PBXFileReference; lastKnownFileType = sourcecode.swift; path = VoiceInput.swift; sourceTree = "<group>"; };
		F4D87BB38F7D489727548FE6 /* HistoryView.swift */ = {isa = PBXFileReference; lastKnownFileType = sourcecode.swift; path = HistoryView.swift; sourceTree = "<group>"; };
/* End PBXFileReference section */

/* Begin PBXGroup section */
		8CD528CD69B90FDA66B7B4C6 /* Sources */ = {
			isa = PBXGroup;
			children = (
				E05F4E191BCF0B401C2B9F16 /* App.swift */,
				9FFF15F3AE3DAC2D065781C7 /* Backend.swift */,
				5279A1F082517B420D02B123 /* CameraPicker.swift */,
				20100CF426813304A754C210 /* ChatModel.swift */,
				08AB2A8803A336C3FA30A84F /* ChatStream.swift */,
				87DFBD2A3F6E1650F4B082CA /* ChatView.swift */,
				0D76FDDE7B542FADB26C350F /* Gate.swift */,
				F4D87BB38F7D489727548FE6 /* HistoryView.swift */,
				A128077426B2D9E1B4E117A9 /* MarkdownView.swift */,
				BDA73B45302D3FA3438BCC70 /* Speaker.swift */,
				E89FF64559DACD2F74ABF00A /* Store.swift */,
				EFD6093C75106F38F5413353 /* VoiceInput.swift */,
			);
			path = Sources;
			sourceTree = "<group>";
		};
		AB4962F774AA0CEE8417BC35 /* Resources */ = {
			isa = PBXGroup;
			children = (
				56F788C5D56602321AF0A1B5 /* Assets.xcassets */,
			);
			path = Resources;
			sourceTree = "<group>";
		};
		E0F1F7AF35D2D979ED411001 = {
			isa = PBXGroup;
			children = (
				AB4962F774AA0CEE8417BC35 /* Resources */,
				8CD528CD69B90FDA66B7B4C6 /* Sources */,
				F5E150D57E5B4858933AB300 /* Products */,
			);
			sourceTree = "<group>";
		};
		F5E150D57E5B4858933AB300 /* Products */ = {
			isa = PBXGroup;
			children = (
				C6A03AA5F9A89FB622DB7A3E /* HydroDeck.app */,
			);
			name = Products;
			sourceTree = "<group>";
		};
/* End PBXGroup section */

/* Begin PBXNativeTarget section */
		48B0D3286F9866990ECAA516 /* HydroDeck */ = {
			isa = PBXNativeTarget;
			buildConfigurationList = 32F5C1D666B9AC83BFDB0C37 /* Build configuration list for PBXNativeTarget "HydroDeck" */;
			buildPhases = (
				D774139A4684539B62D51F46 /* Sources */,
				5CA4B03AE3211CE4ECC82ECD /* Resources */,
			);
			buildRules = (
			);
			dependencies = (
			);
			name = HydroDeck;
			packageProductDependencies = (
			);
			productName = HydroDeck;
			productReference = C6A03AA5F9A89FB622DB7A3E /* HydroDeck.app */;
			productType = "com.apple.product-type.application";
		};
/* End PBXNativeTarget section */

/* Begin PBXProject section */
		B04A6E32447C4C07C571CB7C /* Project object */ = {
			isa = PBXProject;
			attributes = {
				BuildIndependentTargetsInParallel = YES;
				LastUpgradeCheck = 1430;
				TargetAttributes = {
					48B0D3286F9866990ECAA516 = {
						DevelopmentTeam = B9LJH93LA4;
						ProvisioningStyle = Automatic;
					};
				};
			};
			buildConfigurationList = EDEF8C7FD7ACFE91237A008F /* Build configuration list for PBXProject "HydroDeck" */;
			developmentRegion = en;
			hasScannedForEncodings = 0;
			knownRegions = (
				Base,
				en,
			);
			mainGroup = E0F1F7AF35D2D979ED411001;
			minimizedProjectReferenceProxies = 1;
			preferredProjectObjectVersion = 77;
			productRefGroup = F5E150D57E5B4858933AB300 /* Products */;
			projectDirPath = "";
			projectRoot = "";
			targets = (
				48B0D3286F9866990ECAA516 /* HydroDeck */,
			);
		};
/* End PBXProject section */

/* Begin PBXResourcesBuildPhase section */
		5CA4B03AE3211CE4ECC82ECD /* Resources */ = {
			isa = PBXResourcesBuildPhase;
			buildActionMask = 2147483647;
			files = (
				06493E35C062F2503726B8CA /* Assets.xcassets in Resources */,
			);
			runOnlyForDeploymentPostprocessing = 0;
		};
/* End PBXResourcesBuildPhase section */

/* Begin PBXSourcesBuildPhase section */
		D774139A4684539B62D51F46 /* Sources */ = {
			isa = PBXSourcesBuildPhase;
			buildActionMask = 2147483647;
			files = (
				BB1B35D800BD09E70930DD78 /* App.swift in Sources */,
				D7176996C6FAA32AF435D03B /* Backend.swift in Sources */,
				D1DB469BE53E5D1B157A4CD5 /* CameraPicker.swift in Sources */,
				9042FD5D2AC1FD5622719E30 /* ChatModel.swift in Sources */,
				03291E3F9B5D5A3BE7432648 /* ChatStream.swift in Sources */,
				A876476E1D0BA8C5B785EF07 /* ChatView.swift in Sources */,
				F5FFF323B84C4AB945264BF2 /* Gate.swift in Sources */,
				4308973613E8EC7F3F398479 /* HistoryView.swift in Sources */,
				15B2D883BA5369C436005D7F /* MarkdownView.swift in Sources */,
				4F4E696848163AF9BE425E9E /* Speaker.swift in Sources */,
				B8EB06E4BBC7C9E1B16086D4 /* Store.swift in Sources */,
				9E3038C927ADB92CB257A6BB /* VoiceInput.swift in Sources */,
			);
			runOnlyForDeploymentPostprocessing = 0;
		};
/* End PBXSourcesBuildPhase section */

/* Begin XCBuildConfiguration section */
		0F9EB06E22E68DB5B4B9E36D /* Release */ = {
			isa = XCBuildConfiguration;
			buildSettings = {
				ALWAYS_SEARCH_USER_PATHS = NO;
				CLANG_ANALYZER_NONNULL = YES;
				CLANG_ANALYZER_NUMBER_OBJECT_CONVERSION = YES_AGGRESSIVE;
				CLANG_CXX_LANGUAGE_STANDARD = "gnu++14";
				CLANG_CXX_LIBRARY = "libc++";
				CLANG_ENABLE_MODULES = YES;
				CLANG_ENABLE_OBJC_ARC = YES;
				CLANG_ENABLE_OBJC_WEAK = YES;
				CLANG_WARN_BLOCK_CAPTURE_AUTORELEASING = YES;
				CLANG_WARN_BOOL_CONVERSION = YES;
				CLANG_WARN_COMMA = YES;
				CLANG_WARN_CONSTANT_CONVERSION = YES;
				CLANG_WARN_DEPRECATED_OBJC_IMPLEMENTATIONS = YES;
				CLANG_WARN_DIRECT_OBJC_ISA_USAGE = YES_ERROR;
				CLANG_WARN_DOCUMENTATION_COMMENTS = YES;
				CLANG_WARN_EMPTY_BODY = YES;
				CLANG_WARN_ENUM_CONVERSION = YES;
				CLANG_WARN_INFINITE_RECURSION = YES;
				CLANG_WARN_INT_CONVERSION = YES;
				CLANG_WARN_NON_LITERAL_NULL_CONVERSION = YES;
				CLANG_WARN_OBJC_IMPLICIT_RETAIN_SELF = YES;
				CLANG_WARN_OBJC_LITERAL_CONVERSION = YES;
				CLANG_WARN_OBJC_ROOT_CLASS = YES_ERROR;
				CLANG_WARN_QUOTED_INCLUDE_IN_FRAMEWORK_HEADER = YES;
				CLANG_WARN_RANGE_LOOP_ANALYSIS = YES;
				CLANG_WARN_STRICT_PROTOTYPES = YES;
				CLANG_WARN_SUSPICIOUS_MOVE = YES;
				CLANG_WARN_UNGUARDED_AVAILABILITY = YES_AGGRESSIVE;
				CLANG_WARN_UNREACHABLE_CODE = YES;
				CLANG_WARN__DUPLICATE_METHOD_MATCH = YES;
				CODE_SIGN_STYLE = Automatic;
				COPY_PHASE_STRIP = NO;
				DEBUG_INFORMATION_FORMAT = "dwarf-with-dsym";
				DEVELOPMENT_TEAM = B9LJH93LA4;
				ENABLE_NS_ASSERTIONS = NO;
				ENABLE_STRICT_OBJC_MSGSEND = YES;
				GCC_C_LANGUAGE_STANDARD = gnu11;
				GCC_NO_COMMON_BLOCKS = YES;
				GCC_WARN_64_TO_32_BIT_CONVERSION = YES;
				GCC_WARN_ABOUT_RETURN_TYPE = YES_ERROR;
				GCC_WARN_UNDECLARED_SELECTOR = YES;
				GCC_WARN_UNINITIALIZED_AUTOS = YES_AGGRESSIVE;
				GCC_WARN_UNUSED_FUNCTION = YES;
				GCC_WARN_UNUSED_VARIABLE = YES;
				IPHONEOS_DEPLOYMENT_TARGET = 18.0;
				MTL_ENABLE_DEBUG_INFO = NO;
				MTL_FAST_MATH = YES;
				PRODUCT_NAME = "$(TARGET_NAME)";
				SDKROOT = iphoneos;
				SWIFT_COMPILATION_MODE = wholemodule;
				SWIFT_OPTIMIZATION_LEVEL = "-O";
				SWIFT_VERSION = 5.0;
			};
			name = Release;
		};
		36EFA1BCE00FEE0900C599BB /* Debug */ = {
			isa = XCBuildConfiguration;
			buildSettings = {
				ALWAYS_SEARCH_USER_PATHS = NO;
				CLANG_ANALYZER_NONNULL = YES;
				CLANG_ANALYZER_NUMBER_OBJECT_CONVERSION = YES_AGGRESSIVE;
				CLANG_CXX_LANGUAGE_STANDARD = "gnu++14";
				CLANG_CXX_LIBRARY = "libc++";
				CLANG_ENABLE_MODULES = YES;
				CLANG_ENABLE_OBJC_ARC = YES;
				CLANG_ENABLE_OBJC_WEAK = YES;
				CLANG_WARN_BLOCK_CAPTURE_AUTORELEASING = YES;
				CLANG_WARN_BOOL_CONVERSION = YES;
				CLANG_WARN_COMMA = YES;
				CLANG_WARN_CONSTANT_CONVERSION = YES;
				CLANG_WARN_DEPRECATED_OBJC_IMPLEMENTATIONS = YES;
				CLANG_WARN_DIRECT_OBJC_ISA_USAGE = YES_ERROR;
				CLANG_WARN_DOCUMENTATION_COMMENTS = YES;
				CLANG_WARN_EMPTY_BODY = YES;
				CLANG_WARN_ENUM_CONVERSION = YES;
				CLANG_WARN_INFINITE_RECURSION = YES;
				CLANG_WARN_INT_CONVERSION = YES;
				CLANG_WARN_NON_LITERAL_NULL_CONVERSION = YES;
				CLANG_WARN_OBJC_IMPLICIT_RETAIN_SELF = YES;
				CLANG_WARN_OBJC_LITERAL_CONVERSION = YES;
				CLANG_WARN_OBJC_ROOT_CLASS = YES_ERROR;
				CLANG_WARN_QUOTED_INCLUDE_IN_FRAMEWORK_HEADER = YES;
				CLANG_WARN_RANGE_LOOP_ANALYSIS = YES;
				CLANG_WARN_STRICT_PROTOTYPES = YES;
				CLANG_WARN_SUSPICIOUS_MOVE = YES;
				CLANG_WARN_UNGUARDED_AVAILABILITY = YES_AGGRESSIVE;
				CLANG_WARN_UNREACHABLE_CODE = YES;
				CLANG_WARN__DUPLICATE_METHOD_MATCH = YES;
				CODE_SIGN_STYLE = Automatic;
				COPY_PHASE_STRIP = NO;
				DEBUG_INFORMATION_FORMAT = dwarf;
				DEVELOPMENT_TEAM = B9LJH93LA4;
				ENABLE_STRICT_OBJC_MSGSEND = YES;
				ENABLE_TESTABILITY = YES;
				GCC_C_LANGUAGE_STANDARD = gnu11;
				GCC_DYNAMIC_NO_PIC = NO;
				GCC_NO_COMMON_BLOCKS = YES;
				GCC_OPTIMIZATION_LEVEL = 0;
				GCC_PREPROCESSOR_DEFINITIONS = (
					"$(inherited)",
					"DEBUG=1",
				);
				GCC_WARN_64_TO_32_BIT_CONVERSION = YES;
				GCC_WARN_ABOUT_RETURN_TYPE = YES_ERROR;
				GCC_WARN_UNDECLARED_SELECTOR = YES;
				GCC_WARN_UNINITIALIZED_AUTOS = YES_AGGRESSIVE;
				GCC_WARN_UNUSED_FUNCTION = YES;
				GCC_WARN_UNUSED_VARIABLE = YES;
				IPHONEOS_DEPLOYMENT_TARGET = 18.0;
				MTL_ENABLE_DEBUG_INFO = INCLUDE_SOURCE;
				MTL_FAST_MATH = YES;
				ONLY_ACTIVE_ARCH = YES;
				PRODUCT_NAME = "$(TARGET_NAME)";
				SDKROOT = iphoneos;
				SWIFT_ACTIVE_COMPILATION_CONDITIONS = DEBUG;
				SWIFT_OPTIMIZATION_LEVEL = "-Onone";
				SWIFT_VERSION = 5.0;
			};
			name = Debug;
		};
		8BD0CDE8C67AA57153F49BE0 /* Release */ = {
			isa = XCBuildConfiguration;
			buildSettings = {
				ASSETCATALOG_COMPILER_APPICON_NAME = AppIcon;
				CODE_SIGN_IDENTITY = "iPhone Developer";
				CURRENT_PROJECT_VERSION = 1;
				GENERATE_INFOPLIST_FILE = YES;
				INFOPLIST_KEY_CFBundleDisplayName = "水利助手";
				INFOPLIST_KEY_ITSAppUsesNonExemptEncryption = NO;
				INFOPLIST_KEY_NSCameraUsageDescription = "拍照上传给助手读图（表格/现场照片）";
				INFOPLIST_KEY_NSMicrophoneUsageDescription = "语音提问需要用麦克风收音";
				INFOPLIST_KEY_NSSpeechRecognitionUsageDescription = "把说的话转成文字填进输入框（发送仍由你确认）";
				INFOPLIST_KEY_UILaunchScreen_Generation = YES;
				INFOPLIST_KEY_UISupportedInterfaceOrientations = "UIInterfaceOrientationPortrait UIInterfaceOrientationPortraitUpsideDown UIInterfaceOrientationLandscapeLeft UIInterfaceOrientationLandscapeRight";
				LD_RUNPATH_SEARCH_PATHS = (
					"$(inherited)",
					"@executable_path/Frameworks",
				);
				MARKETING_VERSION = 0.1;
				PRODUCT_BUNDLE_IDENTIFIER = cyou.tianli.hydrodeck;
				SDKROOT = iphoneos;
				TARGETED_DEVICE_FAMILY = "1,2";
			};
			name = Release;
		};
		C5B621209559074E7EB06DED /* Debug */ = {
			isa = XCBuildConfiguration;
			buildSettings = {
				ASSETCATALOG_COMPILER_APPICON_NAME = AppIcon;
				CODE_SIGN_IDENTITY = "iPhone Developer";
				CURRENT_PROJECT_VERSION = 1;
				GENERATE_INFOPLIST_FILE = YES;
				INFOPLIST_KEY_CFBundleDisplayName = "水利助手";
				INFOPLIST_KEY_ITSAppUsesNonExemptEncryption = NO;
				INFOPLIST_KEY_NSCameraUsageDescription = "拍照上传给助手读图（表格/现场照片）";
				INFOPLIST_KEY_NSMicrophoneUsageDescription = "语音提问需要用麦克风收音";
				INFOPLIST_KEY_NSSpeechRecognitionUsageDescription = "把说的话转成文字填进输入框（发送仍由你确认）";
				INFOPLIST_KEY_UILaunchScreen_Generation = YES;
				INFOPLIST_KEY_UISupportedInterfaceOrientations = "UIInterfaceOrientationPortrait UIInterfaceOrientationPortraitUpsideDown UIInterfaceOrientationLandscapeLeft UIInterfaceOrientationLandscapeRight";
				LD_RUNPATH_SEARCH_PATHS = (
					"$(inherited)",
					"@executable_path/Frameworks",
				);
				MARKETING_VERSION = 0.1;
				PRODUCT_BUNDLE_IDENTIFIER = cyou.tianli.hydrodeck;
				SDKROOT = iphoneos;
				TARGETED_DEVICE_FAMILY = "1,2";
			};
			name = Debug;
		};
/* End XCBuildConfiguration section */

/* Begin XCConfigurationList section */
		32F5C1D666B9AC83BFDB0C37 /* Build configuration list for PBXNativeTarget "HydroDeck" */ = {
			isa = XCConfigurationList;
			buildConfigurations = (
				C5B621209559074E7EB06DED /* Debug */,
				8BD0CDE8C67AA57153F49BE0 /* Release */,
			);
			defaultConfigurationIsVisible = 0;
			defaultConfigurationName = Debug;
		};
		EDEF8C7FD7ACFE91237A008F /* Build configuration list for PBXProject "HydroDeck" */ = {
			isa = XCConfigurationList;
			buildConfigurations = (
				36EFA1BCE00FEE0900C599BB /* Debug */,
				0F9EB06E22E68DB5B4B9E36D /* Release */,
			);
			defaultConfigurationIsVisible = 0;
			defaultConfigurationName = Debug;
		};
/* End XCConfigurationList section */
	};
	rootObject = B04A6E32447C4C07C571CB7C /* Project object */;
}
